# This file is automatically @generated by Cargo.
# It is not intended for manual editing.
version = 3

[[package]]
name = "alternating_harmonic_series"
version = "0.1.0"
dependencies = [
 "f256",
]

[[package]]
name = "f256"
version = "0.2.0"
source = "registry+https://github.com/rust-lang/crates.io-index"
checksum = "fb2e88ee91729e3529aa1b711baa07d2a2169e805b0ae5132c6ea72032cdf853"
dependencies = [
 "f256_pow10_div_pow2_lut",
 "f256_pow2_div_pow10_lut",
 "f256_pow2_div_pow5_lut",
 "f256_pow5_div_pow2_lut",
]

[[package]]
name = "f256_pow10_div_pow2_lut"
version = "0.1.1"
source = "registry+https://github.com/rust-lang/crates.io-index"
checksum = "f6ca8d1ce1a433ed0939ca1e054b561002cbcb9740d1d36c18d89009eb003002"

[[package]]
name = "f256_pow2_div_pow10_lut"
version = "0.2.0"
source = "registry+https://github.com/rust-lang/crates.io-index"
checksum = "6580e1604d17d3723f9ea45d9d3b230b6d716bad991ec7cceda1ad760fa202b4"

[[package]]
name = "f256_pow2_div_pow5_lut"
version = "0.1.1"
source = "registry+https://github.com/rust-lang/crates.io-index"
checksum = "76b7418cb2e2a5be0dfb64027d7f009f9660ed6875ee049bc5ff30be006fcf6e"

[[package]]
name = "f256_pow5_div_pow2_lut"
version = "0.1.1"
source = "registry+https://github.com/rust-lang/crates.io-index"
checksum = "250ea0f9a0eb0e71b9040133a84777ddfd97a3c57689c249acb5917e1d869cb8"
